
Microsoft Visual Studio Solution File, Format Version 12.00
# Visual Studio Version 17
VisualStudioVersion = 17.2.32630.192
MinimumVisualStudioVersion = 10.0.40219.1
Project("{FAE04EC0-301F-11D3-BF4B-00C04F79EFBC}") = "LostArkLogger", "LostArkLogger\LostArkLogger.csproj", "{B0808A8B-3ADC-4BB1-8927-5BCB9A519131}"
EndProject
Project("{FAE04EC0-301F-11D3-BF4B-00C04F79EFBC}") = "SharpPcap", "SharpPcap\SharpPcap.csproj", "{D14537C1-67DC-4D3D-ABB5-1EB35C481135}"
EndProject
Project("{FAE04EC0-301F-11D3-BF4B-00C04F79EFBC}") = "websocket-sharp", "websocket-sharp\websocket-sharp\websocket-sharp.csproj", "{B357BAC7-529E-4D81-A0D2-71041B19C8DE}"
EndProject
Global
	GlobalSection(SolutionConfigurationPlatforms) = preSolution
		Debug|Any CPU = Debug|Any CPU
		Release|Any CPU = Release|Any CPU
	EndGlobalSection
	GlobalSection(ProjectConfigurationPlatforms) = postSolution
		{B0808A8B-3ADC-4BB1-8927-5BCB9A519131}.Debug|Any CPU.ActiveCfg = Release|Any CPU
		{B0808A8B-3ADC-4BB1-8927-5BCB9A519131}.Debug|Any CPU.Build.0 = Release|Any CPU
		{B0808A8B-3ADC-4BB1-8927-5BCB9A519131}.Release|Any CPU.ActiveCfg = Release|Any CPU
		{B0808A8B-3ADC-4BB1-8927-5BCB9A519131}.Release|Any CPU.Build.0 = Release|Any CPU
		{D14537C1-67DC-4D3D-ABB5-1EB35C481135}.Release|Any CPU.ActiveCfg = Release|Any CPU
		{D14537C1-67DC-4D3D-ABB5-1EB35C481135}.Release|Any CPU.Build.0 = Release|Any CPU
		{D14537C1-67DC-4D3D-ABB5-1EB35C481135}.Debug|Any CPU.ActiveCfg = Release|Any CPU
		{D14537C1-67DC-4D3D-ABB5-1EB35C481135}.Debug|Any CPU.Build.0 = Release|Any CPU
		{B357BAC7-529E-4D81-A0D2-71041B19C8DE}.Debug|Any CPU.ActiveCfg = Debug|Any CPU
		{B357BAC7-529E-4D81-A0D2-71041B19C8DE}.Debug|Any CPU.Build.0 = Debug|Any CPU
		{B357BAC7-529E-4D81-A0D2-71041B19C8DE}.Release|Any CPU.ActiveCfg = Release|Any CPU
		{B357BAC7-529E-4D81-A0D2-71041B19C8DE}.Release|Any CPU.Build.0 = Release|Any CPU
	EndGlobalSection
	GlobalSection(SolutionProperties) = preSolution
		HideSolutionNode = FALSE
	EndGlobalSection
	GlobalSection(ExtensibilityGlobals) = postSolution
		SolutionGuid = {A4B75FE5-2AFD-474A-91A1-F0EEE21687FC}
	EndGlobalSection
EndGlobal
